{
  "name": "teleparty-chat-app",
  "lockfileVersion": 3,
  "requires": true,
  "packages": {
    "": {
      "dependencies": {
        "teleparty-websocket-lib": "github:watchparty-org/teleparty-WebSocket-lib"
      }
    },
    "node_modules/teleparty-websocket-lib": {
      "version": "1.0.4",
      "resolved": "git+ssh://git@github.com/watchparty-org/teleparty-WebSocket-lib.git#a8b5137338004f4107faea63b89d3b122b374631",
      "license": "ISC"
    }
  }
}
